// !$*UTF8*$!
{
	archiveVersion = 1;
	classes = {
	};
	objectVersion = 50;
	objects = {

/* Begin PBXBuildFile section */
		6349B73A826D05129A19E8F4 /* Pods_Calendar.framework in Frameworks */ = {isa = PBXBuildFile; fileRef = 4A550A334370E0E5DD02B703 /* Pods_Calendar.framework */; };
		9BA5BADD21B7662B0097A24A /* TestDragViewController.swift in Sources */ = {isa = PBXBuildFile; fileRef = 9BA5BADC21B7662B0097A24A /* TestDragViewController.swift */; };
		9BA5BADF21B778F40097A24A /* CoreGraphics.framework in Frameworks */ = {isa = PBXBuildFile; fileRef = 9BA5BADE21B778F40097A24A /* CoreGraphics.framework */; };
		9BA5BAE121B778FA0097A24A /* QuartzCore.framework in Frameworks */ = {isa = PBXBuildFile; fileRef = 9BA5BAE021B778FA0097A24A /* QuartzCore.framework */; };
		BF0AEE6021B6CFC0006CCC0A /* DragViewController.swift in Sources */ = {isa = PBXBuildFile; fileRef = BF0AEE5F21B6CFC0006CCC0A /* DragViewController.swift */; };
		BF49E9DF21B42655003B3580 /* Date+Helper.swift in Sources */ = {isa = PBXBuildFile; fileRef = BF49E9DE21B42655003B3580 /* Date+Helper.swift */; };
		BF5B16C621B3B91200797955 /* UIColor+Helper.swift in Sources */ = {isa = PBXBuildFile; fileRef = BF5B16C521B3B91200797955 /* UIColor+Helper.swift */; };
		BFA7E82B21B29F0B001D8E9D /* MyViewController.swift in Sources */ = {isa = PBXBuildFile; fileRef = BFA7E82A21B29F0B001D8E9D /* MyViewController.swift */; };
		BFA7E82F21B2A01E001D8E9D /* CellView.swift in Sources */ = {isa = PBXBuildFile; fileRef = BFA7E82E21B2A01E001D8E9D /* CellView.swift */; };
		BFA831E421BCC2FE008AE35C /* HourReusableView.swift in Sources */ = {isa = PBXBuildFile; fileRef = BFA831E221BCC2FE008AE35C /* HourReusableView.swift */; };
		BFA831E521BCC2FE008AE35C /* MemberViewCell.swift in Sources */ = {isa = PBXBuildFile; fileRef = BFA831E321BCC2FE008AE35C /* MemberViewCell.swift */; };
		BFC35A6821B1892500D20EC0 /* AppDelegate.swift in Sources */ = {isa = PBXBuildFile; fileRef = BFC35A6721B1892500D20EC0 /* AppDelegate.swift */; };
		BFC35A6D21B1892500D20EC0 /* Main.storyboard in Resources */ = {isa = PBXBuildFile; fileRef = BFC35A6B21B1892500D20EC0 /* Main.storyboard */; };
		BFC35A6F21B1892600D20EC0 /* Assets.xcassets in Resources */ = {isa = PBXBuildFile; fileRef = BFC35A6E21B1892600D20EC0 /* Assets.xcassets */; };
		BFC35A7221B1892600D20EC0 /* LaunchScreen.storyboard in Resources */ = {isa = PBXBuildFile; fileRef = BFC35A7021B1892600D20EC0 /* LaunchScreen.storyboard */; };
		BFF13E0521B38D0E0047586F /* SectionHeaderView.swift in Sources */ = {isa = PBXBuildFile; fileRef = BFF13E0421B38D0E0047586F /* SectionHeaderView.swift */; };
/* End PBXBuildFile section */

/* Begin PBXFileReference section */
		4A550A334370E0E5DD02B703 /* Pods_Calendar.framework */ = {isa = PBXFileReference; explicitFileType = wrapper.framework; includeInIndex = 0; path = Pods_Calendar.framework; sourceTree = BUILT_PRODUCTS_DIR; };
		9BA5BADC21B7662B0097A24A /* TestDragViewController.swift */ = {isa = PBXFileReference; lastKnownFileType = sourcecode.swift; path = TestDragViewController.swift; sourceTree = "<group>"; };
		9BA5BADE21B778F40097A24A /* CoreGraphics.framework */ = {isa = PBXFileReference; lastKnownFileType = wrapper.framework; name = CoreGraphics.framework; path = System/Library/Frameworks/CoreGraphics.framework; sourceTree = SDKROOT; };
		9BA5BAE021B778FA0097A24A /* QuartzCore.framework */ = {isa = PBXFileReference; lastKnownFileType = wrapper.framework; name = QuartzCore.framework; path = System/Library/Frameworks/QuartzCore.framework; sourceTree = SDKROOT; };
		A4F1BEA0C38DB2CEC594F54E /* Pods-Calendar.debug.xcconfig */ = {isa = PBXFileReference; includeInIndex = 1; lastKnownFileType = text.xcconfig; name = "Pods-Calendar.debug.xcconfig"; path = "Pods/Target Support Files/Pods-Calendar/Pods-Calendar.debug.xcconfig"; sourceTree = "<group>"; };
		BF0AEE5F21B6CFC0006CCC0A /* DragViewController.swift */ = {isa = PBXFileReference; lastKnownFileType = sourcecode.swift; path = DragViewController.swift; sourceTree = "<group>"; };
		BF49E9DE21B42655003B3580 /* Date+Helper.swift */ = {isa = PBXFileReference; lastKnownFileType = sourcecode.swift; path = "Date+Helper.swift"; sourceTree = "<group>"; };
		BF5B16C521B3B91200797955 /* UIColor+Helper.swift */ = {isa = PBXFileReference; lastKnownFileType = sourcecode.swift; path = "UIColor+Helper.swift"; sourceTree = "<group>"; };
		BFA7E82A21B29F0B001D8E9D /* MyViewController.swift */ = {isa = PBXFileReference; lastKnownFileType = sourcecode.swift; path = MyViewController.swift; sourceTree = "<group>"; };
		BFA7E82E21B2A01E001D8E9D /* CellView.swift */ = {isa = PBXFileReference; lastKnownFileType = sourcecode.swift; path = CellView.swift; sourceTree = "<group>"; };
		BFA831E221BCC2FE008AE35C /* HourReusableView.swift */ = {isa = PBXFileReference; fileEncoding = 4; lastKnownFileType = sourcecode.swift; path = HourReusableView.swift; sourceTree = "<group>"; };
		BFA831E321BCC2FE008AE35C /* MemberViewCell.swift */ = {isa = PBXFileReference; fileEncoding = 4; lastKnownFileType = sourcecode.swift; path = MemberViewCell.swift; sourceTree = "<group>"; };
		BFC35A6421B1892500D20EC0 /* Calendar.app */ = {isa = PBXFileReference; explicitFileType = wrapper.application; includeInIndex = 0; path = Calendar.app; sourceTree = BUILT_PRODUCTS_DIR; };
		BFC35A6721B1892500D20EC0 /* AppDelegate.swift */ = {isa = PBXFileReference; lastKnownFileType = sourcecode.swift; path = AppDelegate.swift; sourceTree = "<group>"; };
		BFC35A6C21B1892500D20EC0 /* Base */ = {isa = PBXFileReference; lastKnownFileType = file.storyboard; name = Base; path = Base.lproj/Main.storyboard; sourceTree = "<group>"; };
		BFC35A6E21B1892600D20EC0 /* Assets.xcassets */ = {isa = PBXFileReference; lastKnownFileType = folder.assetcatalog; path = Assets.xcassets; sourceTree = "<group>"; };
		BFC35A7121B1892600D20EC0 /* Base */ = {isa = PBXFileReference; lastKnownFileType = file.storyboard; name = Base; path = Base.lproj/LaunchScreen.storyboard; sourceTree = "<group>"; };
		BFC35A7321B1892600D20EC0 /* Info.plist */ = {isa = PBXFileReference; lastKnownFileType = text.plist.xml; path = Info.plist; sourceTree = "<group>"; };
		BFF13E0421B38D0E0047586F /* SectionHeaderView.swift */ = {isa = PBXFileReference; lastKnownFileType = sourcecode.swift; path = SectionHeaderView.swift; sourceTree = "<group>"; };
		C006AF219772BEA9F353B69C /* Pods-Calendar.release.xcconfig */ = {isa = PBXFileReference; includeInIndex = 1; lastKnownFileType = text.xcconfig; name = "Pods-Calendar.release.xcconfig"; path = "Pods/Target Support Files/Pods-Calendar/Pods-Calendar.release.xcconfig"; sourceTree = "<group>"; };
/* End PBXFileReference section */

/* Begin PBXFrameworksBuildPhase section */
		BFC35A6121B1892500D20EC0 /* Frameworks */ = {
			isa = PBXFrameworksBuildPhase;
			buildActionMask = 2147483647;
			files = (
				9BA5BAE121B778FA0097A24A /* QuartzCore.framework in Frameworks */,
				9BA5BADF21B778F40097A24A /* CoreGraphics.framework in Frameworks */,
				6349B73A826D05129A19E8F4 /* Pods_Calendar.framework in Frameworks */,
			);
			runOnlyForDeploymentPostprocessing = 0;
		};
/* End PBXFrameworksBuildPhase section */

/* Begin PBXGroup section */
		216F9BED1C6ADD390B3C05D5 /* Frameworks */ = {
			isa = PBXGroup;
			children = (
				9BA5BAE021B778FA0097A24A /* QuartzCore.framework */,
				9BA5BADE21B778F40097A24A /* CoreGraphics.framework */,
				4A550A334370E0E5DD02B703 /* Pods_Calendar.framework */,
			);
			name = Frameworks;
			sourceTree = "<group>";
		};
		781B53F051E44E523506EE05 /* Pods */ = {
			isa = PBXGroup;
			children = (
				A4F1BEA0C38DB2CEC594F54E /* Pods-Calendar.debug.xcconfig */,
				C006AF219772BEA9F353B69C /* Pods-Calendar.release.xcconfig */,
			);
			name = Pods;
			sourceTree = "<group>";
		};
		BF0AEE5A21B6CDC2006CCC0A /* DragDrop */ = {
			isa = PBXGroup;
			children = (
				BFA831E221BCC2FE008AE35C /* HourReusableView.swift */,
				BFA831E321BCC2FE008AE35C /* MemberViewCell.swift */,
				BF0AEE5F21B6CFC0006CCC0A /* DragViewController.swift */,
			);
			path = DragDrop;
			sourceTree = "<group>";
		};
		BFC35A5B21B1892500D20EC0 = {
			isa = PBXGroup;
			children = (
				BFC35A6621B1892500D20EC0 /* Calendar */,
				BFC35A6521B1892500D20EC0 /* Products */,
				781B53F051E44E523506EE05 /* Pods */,
				216F9BED1C6ADD390B3C05D5 /* Frameworks */,
			);
			sourceTree = "<group>";
		};
		BFC35A6521B1892500D20EC0 /* Products */ = {
			isa = PBXGroup;
			children = (
				BFC35A6421B1892500D20EC0 /* Calendar.app */,
			);
			name = Products;
			sourceTree = "<group>";
		};
		BFC35A6621B1892500D20EC0 /* Calendar */ = {
			isa = PBXGroup;
			children = (
				BF0AEE5A21B6CDC2006CCC0A /* DragDrop */,
				BFC35A6721B1892500D20EC0 /* AppDelegate.swift */,
				BFC35A6B21B1892500D20EC0 /* Main.storyboard */,
				BFC35A6E21B1892600D20EC0 /* Assets.xcassets */,
				BFC35A7021B1892600D20EC0 /* LaunchScreen.storyboard */,
				BFC35A7321B1892600D20EC0 /* Info.plist */,
				BFA7E82A21B29F0B001D8E9D /* MyViewController.swift */,
				BFA7E82E21B2A01E001D8E9D /* CellView.swift */,
				BFF13E0421B38D0E0047586F /* SectionHeaderView.swift */,
				BF5B16C521B3B91200797955 /* UIColor+Helper.swift */,
				BF49E9DE21B42655003B3580 /* Date+Helper.swift */,
				9BA5BADC21B7662B0097A24A /* TestDragViewController.swift */,
			);
			path = Calendar;
			sourceTree = "<group>";
		};
/* End PBXGroup section */

/* Begin PBXNativeTarget section */
		BFC35A6321B1892500D20EC0 /* Calendar */ = {
			isa = PBXNativeTarget;
			buildConfigurationList = BFC35A7621B1892600D20EC0 /* Build configuration list for PBXNativeTarget "Calendar" */;
			buildPhases = (
				8F4F8F13B15AB9B9C6F32705 /* [CP] Check Pods Manifest.lock */,
				BFC35A6021B1892500D20EC0 /* Sources */,
				BFC35A6121B1892500D20EC0 /* Frameworks */,
				BFC35A6221B1892500D20EC0 /* Resources */,
				426F2A4D7DC4DA5C2332B41A /* [CP] Embed Pods Frameworks */,
			);
			buildRules = (
			);
			dependencies = (
			);
			name = Calendar;
			productName = Calendar;
			productReference = BFC35A6421B1892500D20EC0 /* Calendar.app */;
			productType = "com.apple.product-type.application";
		};
/* End PBXNativeTarget section */

/* Begin PBXProject section */
		BFC35A5C21B1892500D20EC0 /* Project object */ = {
			isa = PBXProject;
			attributes = {
				LastSwiftUpdateCheck = 1010;
				LastUpgradeCheck = 1010;
				ORGANIZATIONNAME = "Bao Nguyen";
				TargetAttributes = {
					BFC35A6321B1892500D20EC0 = {
						CreatedOnToolsVersion = 10.1;
					};
				};
			};
			buildConfigurationList = BFC35A5F21B1892500D20EC0 /* Build configuration list for PBXProject "Calendar" */;
			compatibilityVersion = "Xcode 9.3";
			developmentRegion = en;
			hasScannedForEncodings = 0;
			knownRegions = (
				en,
				Base,
			);
			mainGroup = BFC35A5B21B1892500D20EC0;
			productRefGroup = BFC35A6521B1892500D20EC0 /* Products */;
			projectDirPath = "";
			projectRoot = "";
			targets = (
				BFC35A6321B1892500D20EC0 /* Calendar */,
			);
		};
/* End PBXProject section */

/* Begin PBXResourcesBuildPhase section */
		BFC35A6221B1892500D20EC0 /* Resources */ = {
			isa = PBXResourcesBuildPhase;
			buildActionMask = 2147483647;
			files = (
				BFC35A7221B1892600D20EC0 /* LaunchScreen.storyboard in Resources */,
				BFC35A6F21B1892600D20EC0 /* Assets.xcassets in Resources */,
				BFC35A6D21B1892500D20EC0 /* Main.storyboard in Resources */,
			);
			runOnlyForDeploymentPostprocessing = 0;
		};
/* End PBXResourcesBuildPhase section */

/* Begin PBXShellScriptBuildPhase section */
		426F2A4D7DC4DA5C2332B41A /* [CP] Embed Pods Frameworks */ = {
			isa = PBXShellScriptBuildPhase;
			buildActionMask = 2147483647;
			files = (
			);
			inputPaths = (
				"${SRCROOT}/Pods/Target Support Files/Pods-Calendar/Pods-Calendar-frameworks.sh",
				"${BUILT_PRODUCTS_DIR}/DNDDragAndDrop/DNDDragAndDrop.framework",
				"${BUILT_PRODUCTS_DIR}/DragDropiOS/DragDropiOS.framework",
				"${BUILT_PRODUCTS_DIR}/JTAppleCalendar/JTAppleCalendar.framework",
			);
			name = "[CP] Embed Pods Frameworks";
			outputPaths = (
				"${TARGET_BUILD_DIR}/${FRAMEWORKS_FOLDER_PATH}/DNDDragAndDrop.framework",
				"${TARGET_BUILD_DIR}/${FRAMEWORKS_FOLDER_PATH}/DragDropiOS.framework",
				"${TARGET_BUILD_DIR}/${FRAMEWORKS_FOLDER_PATH}/JTAppleCalendar.framework",
			);
			runOnlyForDeploymentPostprocessing = 0;
			shellPath = /bin/sh;
			shellScript = "\"${SRCROOT}/Pods/Target Support Files/Pods-Calendar/Pods-Calendar-frameworks.sh\"\n";
			showEnvVarsInLog = 0;
		};
		8F4F8F13B15AB9B9C6F32705 /* [CP] Check Pods Manifest.lock */ = {
			isa = PBXShellScriptBuildPhase;
			buildActionMask = 2147483647;
			files = (
			);
			inputPaths = (
				"${PODS_PODFILE_DIR_PATH}/Podfile.lock",
				"${PODS_ROOT}/Manifest.lock",
			);
			name = "[CP] Check Pods Manifest.lock";
			outputPaths = (
				"$(DERIVED_FILE_DIR)/Pods-Calendar-checkManifestLockResult.txt",
			);
			runOnlyForDeploymentPostprocessing = 0;
			shellPath = /bin/sh;
			shellScript = "diff \"${PODS_PODFILE_DIR_PATH}/Podfile.lock\" \"${PODS_ROOT}/Manifest.lock\" > /dev/null\nif [ $? != 0 ] ; then\n    # print error to STDERR\n    echo \"error: The sandbox is not in sync with the Podfile.lock. Run 'pod install' or update your CocoaPods installation.\" >&2\n    exit 1\nfi\n# This output is used by Xcode 'outputs' to avoid re-running this script phase.\necho \"SUCCESS\" > \"${SCRIPT_OUTPUT_FILE_0}\"\n";
			showEnvVarsInLog = 0;
		};
/* End PBXShellScriptBuildPhase section */

/* Begin PBXSourcesBuildPhase section */
		BFC35A6021B1892500D20EC0 /* Sources */ = {
			isa = PBXSourcesBuildPhase;
			buildActionMask = 2147483647;
			files = (
				BFF13E0521B38D0E0047586F /* SectionHeaderView.swift in Sources */,
				BF0AEE6021B6CFC0006CCC0A /* DragViewController.swift in Sources */,
				9BA5BADD21B7662B0097A24A /* TestDragViewController.swift in Sources */,
				BFA7E82F21B2A01E001D8E9D /* CellView.swift in Sources */,
				BFA831E521BCC2FE008AE35C /* MemberViewCell.swift in Sources */,
				BF5B16C621B3B91200797955 /* UIColor+Helper.swift in Sources */,
				BF49E9DF21B42655003B3580 /* Date+Helper.swift in Sources */,
				BFA831E421BCC2FE008AE35C /* HourReusableView.swift in Sources */,
				BFA7E82B21B29F0B001D8E9D /* MyViewController.swift in Sources */,
				BFC35A6821B1892500D20EC0 /* AppDelegate.swift in Sources */,
			);
			runOnlyForDeploymentPostprocessing = 0;
		};
/* End PBXSourcesBuildPhase section */

/* Begin PBXVariantGroup section */
		BFC35A6B21B1892500D20EC0 /* Main.storyboard */ = {
			isa = PBXVariantGroup;
			children = (
				BFC35A6C21B1892500D20EC0 /* Base */,
			);
			name = Main.storyboard;
			sourceTree = "<group>";
		};
		BFC35A7021B1892600D20EC0 /* LaunchScreen.storyboard */ = {
			isa = PBXVariantGroup;
			children = (
				BFC35A7121B1892600D20EC0 /* Base */,
			);
			name = LaunchScreen.storyboard;
			sourceTree = "<group>";
		};
/* End PBXVariantGroup section */

/* Begin XCBuildConfiguration section */
		BFC35A7421B1892600D20EC0 /* Debug */ = {
			isa = XCBuildConfiguration;
			buildSettings = {
				ALWAYS_SEARCH_USER_PATHS = NO;
				CLANG_ANALYZER_NONNULL = YES;
				CLANG_ANALYZER_NUMBER_OBJECT_CONVERSION = YES_AGGRESSIVE;
				CLANG_CXX_LANGUAGE_STANDARD = "gnu++14";
				CLANG_CXX_LIBRARY = "libc++";
				CLANG_ENABLE_MODULES = YES;
				CLANG_ENABLE_OBJC_ARC = YES;
				CLANG_ENABLE_OBJC_WEAK = YES;
				CLANG_WARN_BLOCK_CAPTURE_AUTORELEASING = YES;
				CLANG_WARN_BOOL_CONVERSION = YES;
				CLANG_WARN_COMMA = YES;
				CLANG_WARN_CONSTANT_CONVERSION = YES;
				CLANG_WARN_DEPRECATED_OBJC_IMPLEMENTATIONS = YES;
				CLANG_WARN_DIRECT_OBJC_ISA_USAGE = YES_ERROR;
				CLANG_WARN_DOCUMENTATION_COMMENTS = YES;
				CLANG_WARN_EMPTY_BODY = YES;
				CLANG_WARN_ENUM_CONVERSION = YES;
				CLANG_WARN_INFINITE_RECURSION = YES;
				CLANG_WARN_INT_CONVERSION = YES;
				CLANG_WARN_NON_LITERAL_NULL_CONVERSION = YES;
				CLANG_WARN_OBJC_IMPLICIT_RETAIN_SELF = YES;
				CLANG_WARN_OBJC_LITERAL_CONVERSION = YES;
				CLANG_WARN_OBJC_ROOT_CLASS = YES_ERROR;
				CLANG_WARN_RANGE_LOOP_ANALYSIS = YES;
				CLANG_WARN_STRICT_PROTOTYPES = YES;
				CLANG_WARN_SUSPICIOUS_MOVE = YES;
				CLANG_WARN_UNGUARDED_AVAILABILITY = YES_AGGRESSIVE;
				CLANG_WARN_UNREACHABLE_CODE = YES;
				CLANG_WARN__DUPLICATE_METHOD_MATCH = YES;
				CODE_SIGN_IDENTITY = "iPhone Developer";
				COPY_PHASE_STRIP = NO;
				DEBUG_INFORMATION_FORMAT = dwarf;
				ENABLE_STRICT_OBJC_MSGSEND = YES;
				ENABLE_TESTABILITY = YES;
				GCC_C_LANGUAGE_STANDARD = gnu11;
				GCC_DYNAMIC_NO_PIC = NO;
				GCC_NO_COMMON_BLOCKS = YES;
				GCC_OPTIMIZATION_LEVEL = 0;
				GCC_PREPROCESSOR_DEFINITIONS = (
					"DEBUG=1",
					"$(inherited)",
				);
				GCC_WARN_64_TO_32_BIT_CONVERSION = YES;
				GCC_WARN_ABOUT_RETURN_TYPE = YES_ERROR;
				GCC_WARN_UNDECLARED_SELECTOR = YES;
				GCC_WARN_UNINITIALIZED_AUTOS = YES_AGGRESSIVE;
				GCC_WARN_UNUSED_FUNCTION = YES;
				GCC_WARN_UNUSED_VARIABLE = YES;
				IPHONEOS_DEPLOYMENT_TARGET = 12.1;
				MTL_ENABLE_DEBUG_INFO = INCLUDE_SOURCE;
				MTL_FAST_MATH = YES;
				ONLY_ACTIVE_ARCH = YES;
				SDKROOT = iphoneos;
				SWIFT_ACTIVE_COMPILATION_CONDITIONS = DEBUG;
				SWIFT_OPTIMIZATION_LEVEL = "-Onone";
			};
			name = Debug;
		};
		BFC35A7521B1892600D20EC0 /* Release */ = {
			isa = XCBuildConfiguration;
			buildSettings = {
				ALWAYS_SEARCH_USER_PATHS = NO;
				CLANG_ANALYZER_NONNULL = YES;
				CLANG_ANALYZER_NUMBER_OBJECT_CONVERSION = YES_AGGRESSIVE;
				CLANG_CXX_LANGUAGE_STANDARD = "gnu++14";
				CLANG_CXX_LIBRARY = "libc++";
				CLANG_ENABLE_MODULES = YES;
				CLANG_ENABLE_OBJC_ARC = YES;
				CLANG_ENABLE_OBJC_WEAK = YES;
				CLANG_WARN_BLOCK_CAPTURE_AUTORELEASING = YES;
				CLANG_WARN_BOOL_CONVERSION = YES;
				CLANG_WARN_COMMA = YES;
				CLANG_WARN_CONSTANT_CONVERSION = YES;
				CLANG_WARN_DEPRECATED_OBJC_IMPLEMENTATIONS = YES;
				CLANG_WARN_DIRECT_OBJC_ISA_USAGE = YES_ERROR;
				CLANG_WARN_DOCUMENTATION_COMMENTS = YES;
				CLANG_WARN_EMPTY_BODY = YES;
				CLANG_WARN_ENUM_CONVERSION = YES;
				CLANG_WARN_INFINITE_RECURSION = YES;
				CLANG_WARN_INT_CONVERSION = YES;
				CLANG_WARN_NON_LITERAL_NULL_CONVERSION = YES;
				CLANG_WARN_OBJC_IMPLICIT_RETAIN_SELF = YES;
				CLANG_WARN_OBJC_LITERAL_CONVERSION = YES;
				CLANG_WARN_OBJC_ROOT_CLASS = YES_ERROR;
				CLANG_WARN_RANGE_LOOP_ANALYSIS = YES;
				CLANG_WARN_STRICT_PROTOTYPES = YES;
				CLANG_WARN_SUSPICIOUS_MOVE = YES;
				CLANG_WARN_UNGUARDED_AVAILABILITY = YES_AGGRESSIVE;
				CLANG_WARN_UNREACHABLE_CODE = YES;
				CLANG_WARN__DUPLICATE_METHOD_MATCH = YES;
				CODE_SIGN_IDENTITY = "iPhone Developer";
				COPY_PHASE_STRIP = NO;
				DEBUG_INFORMATION_FORMAT = "dwarf-with-dsym";
				ENABLE_NS_ASSERTIONS = NO;
				ENABLE_STRICT_OBJC_MSGSEND = YES;
				GCC_C_LANGUAGE_STANDARD = gnu11;
				GCC_NO_COMMON_BLOCKS = YES;
				GCC_WARN_64_TO_32_BIT_CONVERSION = YES;
				GCC_WARN_ABOUT_RETURN_TYPE = YES_ERROR;
				GCC_WARN_UNDECLARED_SELECTOR = YES;
				GCC_WARN_UNINITIALIZED_AUTOS = YES_AGGRESSIVE;
				GCC_WARN_UNUSED_FUNCTION = YES;
				GCC_WARN_UNUSED_VARIABLE = YES;
				IPHONEOS_DEPLOYMENT_TARGET = 12.1;
				MTL_ENABLE_DEBUG_INFO = NO;
				MTL_FAST_MATH = YES;
				SDKROOT = iphoneos;
				SWIFT_COMPILATION_MODE = wholemodule;
				SWIFT_OPTIMIZATION_LEVEL = "-O";
				VALIDATE_PRODUCT = YES;
			};
			name = Release;
		};
		BFC35A7721B1892600D20EC0 /* Debug */ = {
			isa = XCBuildConfiguration;
			baseConfigurationReference = A4F1BEA0C38DB2CEC594F54E /* Pods-Calendar.debug.xcconfig */;
			buildSettings = {
				ASSETCATALOG_COMPILER_APPICON_NAME = AppIcon;
				CODE_SIGN_STYLE = Automatic;
				DEVELOPMENT_TEAM = 4X4ZDEX56P;
				INFOPLIST_FILE = Calendar/Info.plist;
				IPHONEOS_DEPLOYMENT_TARGET = 9.0;
				LD_RUNPATH_SEARCH_PATHS = (
					"$(inherited)",
					"@executable_path/Frameworks",
				);
				PRODUCT_BUNDLE_IDENTIFIER = com.baon.Calendar;
				PRODUCT_NAME = "$(TARGET_NAME)";
				SWIFT_VERSION = 4.2;
				TARGETED_DEVICE_FAMILY = "1,2";
			};
			name = Debug;
		};
		BFC35A7821B1892600D20EC0 /* Release */ = {
			isa = XCBuildConfiguration;
			baseConfigurationReference = C006AF219772BEA9F353B69C /* Pods-Calendar.release.xcconfig */;
			buildSettings = {
				ASSETCATALOG_COMPILER_APPICON_NAME = AppIcon;
				CODE_SIGN_STYLE = Automatic;
				DEVELOPMENT_TEAM = 4X4ZDEX56P;
				INFOPLIST_FILE = Calendar/Info.plist;
				IPHONEOS_DEPLOYMENT_TARGET = 9.0;
				LD_RUNPATH_SEARCH_PATHS = (
					"$(inherited)",
					"@executable_path/Frameworks",
				);
				PRODUCT_BUNDLE_IDENTIFIER = com.baon.Calendar;
				PRODUCT_NAME = "$(TARGET_NAME)";
				SWIFT_VERSION = 4.2;
				TARGETED_DEVICE_FAMILY = "1,2";
			};
			name = Release;
		};
/* End XCBuildConfiguration section */

/* Begin XCConfigurationList section */
		BFC35A5F21B1892500D20EC0 /* Build configuration list for PBXProject "Calendar" */ = {
			isa = XCConfigurationList;
			buildConfigurations = (
				BFC35A7421B1892600D20EC0 /* Debug */,
				BFC35A7521B1892600D20EC0 /* Release */,
			);
			defaultConfigurationIsVisible = 0;
			defaultConfigurationName = Release;
		};
		BFC35A7621B1892600D20EC0 /* Build configuration list for PBXNativeTarget "Calendar" */ = {
			isa = XCConfigurationList;
			buildConfigurations = (
				BFC35A7721B1892600D20EC0 /* Debug */,
				BFC35A7821B1892600D20EC0 /* Release */,
			);
			defaultConfigurationIsVisible = 0;
			defaultConfigurationName = Release;
		};
/* End XCConfigurationList section */
	};
	rootObject = BFC35A5C21B1892500D20EC0 /* Project object */;
}
